
Microsoft Visual Studio Solution File, Format Version 12.00
# Visual Studio 15
VisualStudioVersion = 15.0.27428.2005
MinimumVisualStudioVersion = 10.0.40219.1
Project("{FAE04EC0-301F-11D3-BF4B-00C04F79EFBC}") = "ProdutoEtiqueta", "ProdutoEtiqueta\ProdutoEtiqueta.csproj", "{7DBE06FD-F1A5-4FC2-A063-46C2D27D9FAF}"
EndProject
Global
	GlobalSection(SolutionConfigurationPlatforms) = preSolution
		Debug|Any CPU = Debug|Any CPU
		Release|Any CPU = Release|Any CPU
	EndGlobalSection
	GlobalSection(ProjectConfigurationPlatforms) = postSolution
		{7DBE06FD-F1A5-4FC2-A063-46C2D27D9FAF}.Debug|Any CPU.ActiveCfg = Debug|Any CPU
		{7DBE06FD-F1A5-4FC2-A063-46C2D27D9FAF}.Debug|Any CPU.Build.0 = Debug|Any CPU
		{7DBE06FD-F1A5-4FC2-A063-46C2D27D9FAF}.Release|Any CPU.ActiveCfg = Release|Any CPU
		{7DBE06FD-F1A5-4FC2-A063-46C2D27D9FAF}.Release|Any CPU.Build.0 = Release|Any CPU
	EndGlobalSection
	GlobalSection(SolutionProperties) = preSolution
		HideSolutionNode = FALSE
	EndGlobalSection
	GlobalSection(ExtensibilityGlobals) = postSolution
		SolutionGuid = {BDF1EDF3-E60D-448E-BAB7-9BB7C27C35EA}
	EndGlobalSection
EndGlobal
